
Microsoft Visual Studio Solution File, Format Version 12.00
# Visual Studio Version 16
VisualStudioVersion = 16.0.30128.36
MinimumVisualStudioVersion = 10.0.40219.1
Project("{9A19103F-16F7-4668-BE54-9A1E7A4F7556}") = "TA.Orbits.ReferenceData", "TA.Orbits.ReferenceData\TA.Orbits.ReferenceData.csproj", "{CC3492E3-46BA-40DC-BA11-5312E7DF5B21}"
EndProject
Project("{2150E333-8FDC-42A3-9474-1A3956D46DE8}") = "Solution Items", "Solution Items", "{26312736-84E8-40E0-BA25-539F7537AD0C}"
	ProjectSection(SolutionItems) = preProject
		.gitignore = .gitignore
		GlobalAssemblyInfo.cs = GlobalAssemblyInfo.cs
		postsharp.config = postsharp.config
		Push-Packages.ps1 = Push-Packages.ps1
		ReadMe.md = ReadMe.md
	EndProjectSection
EndProject
Project("{9A19103F-16F7-4668-BE54-9A1E7A4F7556}") = "TA.ObjectOrientedAstronomy.OrbitEngines", "TA.ObjectOrientedAstronomy.OrbitEngines\TA.ObjectOrientedAstronomy.OrbitEngines.csproj", "{213D08E9-A266-48BC-992F-CA50591390A7}"
EndProject
Project("{9A19103F-16F7-4668-BE54-9A1E7A4F7556}") = "TA.ObjectOrientedAstronomy.Specifications", "TA.ObjectOrientedAstronomy.Specifications\TA.ObjectOrientedAstronomy.Specifications.csproj", "{7E27D00C-0320-43D9-AA0B-62159E16CE16}"
EndProject
Project("{9A19103F-16F7-4668-BE54-9A1E7A4F7556}") = "TA.ObjectOrientedAstronomy.FlexibleImageTransportSystem", "TA.ObjectOrientedAstronomy.FlexibleImageTransportSystem\TA.ObjectOrientedAstronomy.FlexibleImageTransportSystem.csproj", "{C7A50EA5-CFFF-4F33-BA9D-4B07E78EDFB3}"
EndProject
Project("{9A19103F-16F7-4668-BE54-9A1E7A4F7556}") = "TA.ObjectOrientedAstronomy.FundamentalTypes", "TA.ObjectOrientedAstronomy.FundamentalTypes\TA.ObjectOrientedAstronomy.FundamentalTypes.csproj", "{483E1BC4-8B68-45B4-8487-E8F081885F58}"
EndProject
Project("{2150E333-8FDC-42A3-9474-1A3956D46DE8}") = "Graphics", "Graphics", "{5E32C0EA-05B5-4EBA-9FF0-381C7E956DD4}"
	ProjectSection(SolutionItems) = preProject
		Assets\Hubble.png = Assets\Hubble.png
		Assets\Object Oriented FITS.ico = Assets\Object Oriented FITS.ico
		Assets\TA.OOA-256x256.png = Assets\TA.OOA-256x256.png
		Assets\TA.OOA.FITS-256x256.png = Assets\TA.OOA.FITS-256x256.png
		Assets\TA.OOA.FITS.png = Assets\TA.OOA.FITS.png
		Assets\TA.OOA.pdn = Assets\TA.OOA.pdn
		Assets\TA.OOA.png = Assets\TA.OOA.png
	EndProjectSection
EndProject
Global
	GlobalSection(SolutionConfigurationPlatforms) = preSolution
		Debug|Any CPU = Debug|Any CPU
		Release|Any CPU = Release|Any CPU
	EndGlobalSection
	GlobalSection(ProjectConfigurationPlatforms) = postSolution
		{CC3492E3-46BA-40DC-BA11-5312E7DF5B21}.Debug|Any CPU.ActiveCfg = Debug|Any CPU
		{CC3492E3-46BA-40DC-BA11-5312E7DF5B21}.Debug|Any CPU.Build.0 = Debug|Any CPU
		{CC3492E3-46BA-40DC-BA11-5312E7DF5B21}.Release|Any CPU.ActiveCfg = Release|Any CPU
		{CC3492E3-46BA-40DC-BA11-5312E7DF5B21}.Release|Any CPU.Build.0 = Release|Any CPU
		{213D08E9-A266-48BC-992F-CA50591390A7}.Debug|Any CPU.ActiveCfg = Debug|Any CPU
		{213D08E9-A266-48BC-992F-CA50591390A7}.Debug|Any CPU.Build.0 = Debug|Any CPU
		{213D08E9-A266-48BC-992F-CA50591390A7}.Release|Any CPU.ActiveCfg = Release|Any CPU
		{213D08E9-A266-48BC-992F-CA50591390A7}.Release|Any CPU.Build.0 = Release|Any CPU
		{7E27D00C-0320-43D9-AA0B-62159E16CE16}.Debug|Any CPU.ActiveCfg = Debug|Any CPU
		{7E27D00C-0320-43D9-AA0B-62159E16CE16}.Debug|Any CPU.Build.0 = Debug|Any CPU
		{7E27D00C-0320-43D9-AA0B-62159E16CE16}.Release|Any CPU.ActiveCfg = Release|Any CPU
		{7E27D00C-0320-43D9-AA0B-62159E16CE16}.Release|Any CPU.Build.0 = Release|Any CPU
		{C7A50EA5-CFFF-4F33-BA9D-4B07E78EDFB3}.Debug|Any CPU.ActiveCfg = Debug|Any CPU
		{C7A50EA5-CFFF-4F33-BA9D-4B07E78EDFB3}.Debug|Any CPU.Build.0 = Debug|Any CPU
		{C7A50EA5-CFFF-4F33-BA9D-4B07E78EDFB3}.Release|Any CPU.ActiveCfg = Release|Any CPU
		{C7A50EA5-CFFF-4F33-BA9D-4B07E78EDFB3}.Release|Any CPU.Build.0 = Release|Any CPU
		{483E1BC4-8B68-45B4-8487-E8F081885F58}.Debug|Any CPU.ActiveCfg = Debug|Any CPU
		{483E1BC4-8B68-45B4-8487-E8F081885F58}.Debug|Any CPU.Build.0 = Debug|Any CPU
		{483E1BC4-8B68-45B4-8487-E8F081885F58}.Release|Any CPU.ActiveCfg = Release|Any CPU
		{483E1BC4-8B68-45B4-8487-E8F081885F58}.Release|Any CPU.Build.0 = Release|Any CPU
	EndGlobalSection
	GlobalSection(SolutionProperties) = preSolution
		HideSolutionNode = FALSE
	EndGlobalSection
	GlobalSection(NestedProjects) = preSolution
		{5E32C0EA-05B5-4EBA-9FF0-381C7E956DD4} = {26312736-84E8-40E0-BA25-539F7537AD0C}
	EndGlobalSection
	GlobalSection(ExtensibilityGlobals) = postSolution
		SolutionGuid = {6A729347-8716-41C7-9041-D4168AEFC712}
	EndGlobalSection
EndGlobal
