
Microsoft Visual Studio Solution File, Format Version 12.00
# Visual Studio 2013
VisualStudioVersion = 12.0.21005.1
MinimumVisualStudioVersion = 10.0.40219.1
Project("{FAE04EC0-301F-11D3-BF4B-00C04F79EFBC}") = "TA.Orbits.Specifications", "TA.Orbits.Specifications\TA.Orbits.Specifications.csproj", "{7E27D00C-0320-43D9-AA0B-62159E16CE16}"
EndProject
Project("{FAE04EC0-301F-11D3-BF4B-00C04F79EFBC}") = "TA.Orbits.ReferenceData", "TA.Orbits.ReferenceData\TA.Orbits.ReferenceData.csproj", "{CC3492E3-46BA-40DC-BA11-5312E7DF5B21}"
EndProject
Project("{FAE04EC0-301F-11D3-BF4B-00C04F79EFBC}") = "TA.OrbitEngine.Vsop87", "TA.OrbitEngine.Vsop87\TA.OrbitEngine.Vsop87.csproj", "{213D08E9-A266-48BC-992F-CA50591390A7}"
EndProject
Global
	GlobalSection(SolutionConfigurationPlatforms) = preSolution
		Debug|Any CPU = Debug|Any CPU
		Release|Any CPU = Release|Any CPU
	EndGlobalSection
	GlobalSection(ProjectConfigurationPlatforms) = postSolution
		{7E27D00C-0320-43D9-AA0B-62159E16CE16}.Debug|Any CPU.ActiveCfg = Debug|Any CPU
		{7E27D00C-0320-43D9-AA0B-62159E16CE16}.Debug|Any CPU.Build.0 = Debug|Any CPU
		{7E27D00C-0320-43D9-AA0B-62159E16CE16}.Release|Any CPU.ActiveCfg = Release|Any CPU
		{7E27D00C-0320-43D9-AA0B-62159E16CE16}.Release|Any CPU.Build.0 = Release|Any CPU
		{CC3492E3-46BA-40DC-BA11-5312E7DF5B21}.Debug|Any CPU.ActiveCfg = Debug|Any CPU
		{CC3492E3-46BA-40DC-BA11-5312E7DF5B21}.Debug|Any CPU.Build.0 = Debug|Any CPU
		{CC3492E3-46BA-40DC-BA11-5312E7DF5B21}.Release|Any CPU.ActiveCfg = Release|Any CPU
		{CC3492E3-46BA-40DC-BA11-5312E7DF5B21}.Release|Any CPU.Build.0 = Release|Any CPU
		{213D08E9-A266-48BC-992F-CA50591390A7}.Debug|Any CPU.ActiveCfg = Debug|Any CPU
		{213D08E9-A266-48BC-992F-CA50591390A7}.Debug|Any CPU.Build.0 = Debug|Any CPU
		{213D08E9-A266-48BC-992F-CA50591390A7}.Release|Any CPU.ActiveCfg = Release|Any CPU
		{213D08E9-A266-48BC-992F-CA50591390A7}.Release|Any CPU.Build.0 = Release|Any CPU
	EndGlobalSection
	GlobalSection(SolutionProperties) = preSolution
		HideSolutionNode = FALSE
	EndGlobalSection
EndGlobal
